
Microsoft Visual Studio Solution File, Format Version 12.00
# Visual Studio Version 17
VisualStudioVersion = 17.9.34723.18
MinimumVisualStudioVersion = 10.0.40219.1
Project("{FAE04EC0-301F-11D3-BF4B-00C04F79EFBC}") = "API", "API\API.csproj", "{09ED6BB2-0888-4549-BEC6-73A2BA486CC8}"
EndProject
Global
	GlobalSection(SolutionConfigurationPlatforms) = preSolution
		Debug|Any CPU = Debug|Any CPU
		Release|Any CPU = Release|Any CPU
	EndGlobalSection
	GlobalSection(ProjectConfigurationPlatforms) = postSolution
		{09ED6BB2-0888-4549-BEC6-73A2BA486CC8}.Debug|Any CPU.ActiveCfg = Debug|Any CPU
		{09ED6BB2-0888-4549-BEC6-73A2BA486CC8}.Debug|Any CPU.Build.0 = Debug|Any CPU
		{09ED6BB2-0888-4549-BEC6-73A2BA486CC8}.Release|Any CPU.ActiveCfg = Release|Any CPU
		{09ED6BB2-0888-4549-BEC6-73A2BA486CC8}.Release|Any CPU.Build.0 = Release|Any CPU
	EndGlobalSection
	GlobalSection(SolutionProperties) = preSolution
		HideSolutionNode = FALSE
	EndGlobalSection
	GlobalSection(ExtensibilityGlobals) = postSolution
		SolutionGuid = {14F70C72-119F-41E9-9562-37BFE4217DEC}
	EndGlobalSection
EndGlobal
